PODS:
  - desktop_window (0.0.1):
    - FlutterMacOS
  - FlutterMacOS (1.0.0)
  - gamepads_darwin (0.1.1):
    - FlutterMacOS
  - screen_retriever (0.0.1):
    - FlutterMacOS
  - window_manager (0.2.0):
    - FlutterMacOS

DEPENDENCIES:
  - desktop_window (from `Flutter/ephemeral/.symlinks/plugins/desktop_window/macos`)
  - FlutterMacOS (from `Flutter/ephemeral`)
  - gamepads_darwin (from `Flutter/ephemeral/.symlinks/plugins/gamepads_darwin/macos`)
  - screen_retriever (from `Flutter/ephemeral/.symlinks/plugins/screen_retriever/macos`)
  - window_manager (from `Flutter/ephemeral/.symlinks/plugins/window_manager/macos`)

EXTERNAL SOURCES:
  desktop_window:
    :path: Flutter/ephemeral/.symlinks/plugins/desktop_window/macos
  FlutterMacOS:
    :path: Flutter/ephemeral
  gamepads_darwin:
    :path: Flutter/ephemeral/.symlinks/plugins/gamepads_darwin/macos
  screen_retriever:
    :path: Flutter/ephemeral/.symlinks/plugins/screen_retriever/macos
  window_manager:
    :path: Flutter/ephemeral/.symlinks/plugins/window_manager/macos

SPEC CHECKSUMS:
  desktop_window: de6acd6053564bdccd9f4b9473d25bf4f2ad9bdf
  FlutterMacOS: d0db08ddef1a9af05a5ec4b724367152bb0500b1
  gamepads_darwin: 643b6a69e20ca678fae83781b7f7fc8f15f5d710
  screen_retriever: 4f97c103641aab8ce183fa5af3b87029df167936
  window_manager: 1d01fa7ac65a6e6f83b965471b1a7fdd3f06166c

PODFILE CHECKSUM: 765154378d052970609585c498853f306b1d60b3

COCOAPODS: 1.16.2
